
Microsoft Visual Studio Solution File, Format Version 12.00
# Visual Studio Version 17
VisualStudioVersion = 17.0.31903.59
MinimumVisualStudioVersion = 10.0.40219.1
Project("{2150E333-8FDC-42A3-9474-1A3956D46DE8}") = "src", "src", "{827E0CD3-B72D-47B6-A68D-7590B98EB39B}"
EndProject
Project("{FAE04EC0-301F-11D3-BF4B-00C04F79EFBC}") = "Gateway", "src\Gateway\Gateway.csproj", "{97530518-3604-421B-BB2D-73DF9298D16F}"
EndProject
Project("{2150E333-8FDC-42A3-9474-1A3956D46DE8}") = "Services", "Services", "{984BB9B3-3FA3-BE33-9484-CAC21695A33C}"
EndProject
Project("{2150E333-8FDC-42A3-9474-1A3956D46DE8}") = "Stakeholders", "Stakeholders", "{108C38A4-FF09-AB3F-8431-11EBF34C1DD9}"
EndProject
Project("{FAE04EC0-301F-11D3-BF4B-00C04F79EFBC}") = "Stakeholders.Api", "src\Services\Stakeholders\Stakeholders.Api\Stakeholders.Api.csproj", "{EA208245-A201-4992-A4A2-F7A91E563C54}"
EndProject
Project("{2150E333-8FDC-42A3-9474-1A3956D46DE8}") = "Blog", "Blog", "{83E9D45F-ADBA-CF6E-AB2A-4D85C289BA50}"
EndProject
Project("{FAE04EC0-301F-11D3-BF4B-00C04F79EFBC}") = "Blog.Api", "src\Services\Blog\Blog.Api\Blog.Api.csproj", "{3CAD2AB0-5BCA-4D3F-BB40-958C3A9A0A07}"
EndProject
Project("{2150E333-8FDC-42A3-9474-1A3956D46DE8}") = "Followers", "Followers", "{D6E53B1E-351B-B60C-9CC9-B7D22FD1E09F}"
EndProject
Project("{FAE04EC0-301F-11D3-BF4B-00C04F79EFBC}") = "Followers.Api", "src\Services\Followers\Followers.Api\Followers.Api.csproj", "{1F230115-80FA-4092-B1ED-7C8AD9D659CC}"
EndProject
Project("{2150E333-8FDC-42A3-9474-1A3956D46DE8}") = "Tour", "Tour", "{2BC8BAC1-CABD-C682-DCFA-B8F2882B62C0}"
EndProject
Project("{FAE04EC0-301F-11D3-BF4B-00C04F79EFBC}") = "Tour.Api", "src\Services\Tour\Tour.Api\Tour.Api.csproj", "{D0A3048F-0590-439F-AFC8-B810AD7AD604}"
EndProject
Project("{2150E333-8FDC-42A3-9474-1A3956D46DE8}") = "Purchase", "Purchase", "{DBB8A5B9-969B-B373-4F50-C3EEACE5A394}"
EndProject
Project("{FAE04EC0-301F-11D3-BF4B-00C04F79EFBC}") = "Purchase.Api", "src\Services\Purchase\Purchase.Api\Purchase.Api.csproj", "{0BB8A9E4-B838-4B27-BC1D-E85B3809DF1C}"
EndProject
Project("{2150E333-8FDC-42A3-9474-1A3956D46DE8}") = "tests", "tests", "{0AB3BF05-4346-4AA6-1389-037BE0695223}"
EndProject
Project("{FAE04EC0-301F-11D3-BF4B-00C04F79EFBC}") = "Tour.Api.Tests", "tests\Tour.Api.Tests\Tour.Api.Tests.csproj", "{36B24482-2FBF-4ED8-946E-8533D9A52F07}"
EndProject
Global
	GlobalSection(SolutionConfigurationPlatforms) = preSolution
		Debug|Any CPU = Debug|Any CPU
		Debug|x64 = Debug|x64
		Debug|x86 = Debug|x86
		Release|Any CPU = Release|Any CPU
		Release|x64 = Release|x64
		Release|x86 = Release|x86
	EndGlobalSection
	GlobalSection(ProjectConfigurationPlatforms) = postSolution
		{97530518-3604-421B-BB2D-73DF9298D16F}.Debug|Any CPU.ActiveCfg = Debug|Any CPU
		{97530518-3604-421B-BB2D-73DF9298D16F}.Debug|Any CPU.Build.0 = Debug|Any CPU
		{97530518-3604-421B-BB2D-73DF9298D16F}.Debug|x64.ActiveCfg = Debug|Any CPU
		{97530518-3604-421B-BB2D-73DF9298D16F}.Debug|x64.Build.0 = Debug|Any CPU
		{97530518-3604-421B-BB2D-73DF9298D16F}.Debug|x86.ActiveCfg = Debug|Any CPU
		{97530518-3604-421B-BB2D-73DF9298D16F}.Debug|x86.Build.0 = Debug|Any CPU
		{97530518-3604-421B-BB2D-73DF9298D16F}.Release|Any CPU.ActiveCfg = Release|Any CPU
		{97530518-3604-421B-BB2D-73DF9298D16F}.Release|Any CPU.Build.0 = Release|Any CPU
		{97530518-3604-421B-BB2D-73DF9298D16F}.Release|x64.ActiveCfg = Release|Any CPU
		{97530518-3604-421B-BB2D-73DF9298D16F}.Release|x64.Build.0 = Release|Any CPU
		{97530518-3604-421B-BB2D-73DF9298D16F}.Release|x86.ActiveCfg = Release|Any CPU
		{97530518-3604-421B-BB2D-73DF9298D16F}.Release|x86.Build.0 = Release|Any CPU
		{EA208245-A201-4992-A4A2-F7A91E563C54}.Debug|Any CPU.ActiveCfg = Debug|Any CPU
		{EA208245-A201-4992-A4A2-F7A91E563C54}.Debug|Any CPU.Build.0 = Debug|Any CPU
		{EA208245-A201-4992-A4A2-F7A91E563C54}.Debug|x64.ActiveCfg = Debug|Any CPU
		{EA208245-A201-4992-A4A2-F7A91E563C54}.Debug|x64.Build.0 = Debug|Any CPU
		{EA208245-A201-4992-A4A2-F7A91E563C54}.Debug|x86.ActiveCfg = Debug|Any CPU
		{EA208245-A201-4992-A4A2-F7A91E563C54}.Debug|x86.Build.0 = Debug|Any CPU
		{EA208245-A201-4992-A4A2-F7A91E563C54}.Release|Any CPU.ActiveCfg = Release|Any CPU
		{EA208245-A201-4992-A4A2-F7A91E563C54}.Release|Any CPU.Build.0 = Release|Any CPU
		{EA208245-A201-4992-A4A2-F7A91E563C54}.Release|x64.ActiveCfg = Release|Any CPU
		{EA208245-A201-4992-A4A2-F7A91E563C54}.Release|x64.Build.0 = Release|Any CPU
		{EA208245-A201-4992-A4A2-F7A91E563C54}.Release|x86.ActiveCfg = Release|Any CPU
		{EA208245-A201-4992-A4A2-F7A91E563C54}.Release|x86.Build.0 = Release|Any CPU
		{3CAD2AB0-5BCA-4D3F-BB40-958C3A9A0A07}.Debug|Any CPU.ActiveCfg = Debug|Any CPU
		{3CAD2AB0-5BCA-4D3F-BB40-958C3A9A0A07}.Debug|Any CPU.Build.0 = Debug|Any CPU
		{3CAD2AB0-5BCA-4D3F-BB40-958C3A9A0A07}.Debug|x64.ActiveCfg = Debug|Any CPU
		{3CAD2AB0-5BCA-4D3F-BB40-958C3A9A0A07}.Debug|x64.Build.0 = Debug|Any CPU
		{3CAD2AB0-5BCA-4D3F-BB40-958C3A9A0A07}.Debug|x86.ActiveCfg = Debug|Any CPU
		{3CAD2AB0-5BCA-4D3F-BB40-958C3A9A0A07}.Debug|x86.Build.0 = Debug|Any CPU
		{3CAD2AB0-5BCA-4D3F-BB40-958C3A9A0A07}.Release|Any CPU.ActiveCfg = Release|Any CPU
		{3CAD2AB0-5BCA-4D3F-BB40-958C3A9A0A07}.Release|Any CPU.Build.0 = Release|Any CPU
		{3CAD2AB0-5BCA-4D3F-BB40-958C3A9A0A07}.Release|x64.ActiveCfg = Release|Any CPU
		{3CAD2AB0-5BCA-4D3F-BB40-958C3A9A0A07}.Release|x64.Build.0 = Release|Any CPU
		{3CAD2AB0-5BCA-4D3F-BB40-958C3A9A0A07}.Release|x86.ActiveCfg = Release|Any CPU
		{3CAD2AB0-5BCA-4D3F-BB40-958C3A9A0A07}.Release|x86.Build.0 = Release|Any CPU
		{1F230115-80FA-4092-B1ED-7C8AD9D659CC}.Debug|Any CPU.ActiveCfg = Debug|Any CPU
		{1F230115-80FA-4092-B1ED-7C8AD9D659CC}.Debug|Any CPU.Build.0 = Debug|Any CPU
		{1F230115-80FA-4092-B1ED-7C8AD9D659CC}.Debug|x64.ActiveCfg = Debug|Any CPU
		{1F230115-80FA-4092-B1ED-7C8AD9D659CC}.Debug|x64.Build.0 = Debug|Any CPU
		{1F230115-80FA-4092-B1ED-7C8AD9D659CC}.Debug|x86.ActiveCfg = Debug|Any CPU
		{1F230115-80FA-4092-B1ED-7C8AD9D659CC}.Debug|x86.Build.0 = Debug|Any CPU
		{1F230115-80FA-4092-B1ED-7C8AD9D659CC}.Release|Any CPU.ActiveCfg = Release|Any CPU
		{1F230115-80FA-4092-B1ED-7C8AD9D659CC}.Release|Any CPU.Build.0 = Release|Any CPU
		{1F230115-80FA-4092-B1ED-7C8AD9D659CC}.Release|x64.ActiveCfg = Release|Any CPU
		{1F230115-80FA-4092-B1ED-7C8AD9D659CC}.Release|x64.Build.0 = Release|Any CPU
		{1F230115-80FA-4092-B1ED-7C8AD9D659CC}.Release|x86.ActiveCfg = Release|Any CPU
		{1F230115-80FA-4092-B1ED-7C8AD9D659CC}.Release|x86.Build.0 = Release|Any CPU
		{D0A3048F-0590-439F-AFC8-B810AD7AD604}.Debug|Any CPU.ActiveCfg = Debug|Any CPU
		{D0A3048F-0590-439F-AFC8-B810AD7AD604}.Debug|Any CPU.Build.0 = Debug|Any CPU
		{D0A3048F-0590-439F-AFC8-B810AD7AD604}.Debug|x64.ActiveCfg = Debug|Any CPU
		{D0A3048F-0590-439F-AFC8-B810AD7AD604}.Debug|x64.Build.0 = Debug|Any CPU
		{D0A3048F-0590-439F-AFC8-B810AD7AD604}.Debug|x86.ActiveCfg = Debug|Any CPU
		{D0A3048F-0590-439F-AFC8-B810AD7AD604}.Debug|x86.Build.0 = Debug|Any CPU
		{D0A3048F-0590-439F-AFC8-B810AD7AD604}.Release|Any CPU.ActiveCfg = Release|Any CPU
		{D0A3048F-0590-439F-AFC8-B810AD7AD604}.Release|Any CPU.Build.0 = Release|Any CPU
		{D0A3048F-0590-439F-AFC8-B810AD7AD604}.Release|x64.ActiveCfg = Release|Any CPU
		{D0A3048F-0590-439F-AFC8-B810AD7AD604}.Release|x64.Build.0 = Release|Any CPU
		{D0A3048F-0590-439F-AFC8-B810AD7AD604}.Release|x86.ActiveCfg = Release|Any CPU
		{D0A3048F-0590-439F-AFC8-B810AD7AD604}.Release|x86.Build.0 = Release|Any CPU
		{0BB8A9E4-B838-4B27-BC1D-E85B3809DF1C}.Debug|Any CPU.ActiveCfg = Debug|Any CPU
		{0BB8A9E4-B838-4B27-BC1D-E85B3809DF1C}.Debug|Any CPU.Build.0 = Debug|Any CPU
		{0BB8A9E4-B838-4B27-BC1D-E85B3809DF1C}.Debug|x64.ActiveCfg = Debug|Any CPU
		{0BB8A9E4-B838-4B27-BC1D-E85B3809DF1C}.Debug|x64.Build.0 = Debug|Any CPU
		{0BB8A9E4-B838-4B27-BC1D-E85B3809DF1C}.Debug|x86.ActiveCfg = Debug|Any CPU
		{0BB8A9E4-B838-4B27-BC1D-E85B3809DF1C}.Debug|x86.Build.0 = Debug|Any CPU
		{0BB8A9E4-B838-4B27-BC1D-E85B3809DF1C}.Release|Any CPU.ActiveCfg = Release|Any CPU
		{0BB8A9E4-B838-4B27-BC1D-E85B3809DF1C}.Release|Any CPU.Build.0 = Release|Any CPU
		{0BB8A9E4-B838-4B27-BC1D-E85B3809DF1C}.Release|x64.ActiveCfg = Release|Any CPU
		{0BB8A9E4-B838-4B27-BC1D-E85B3809DF1C}.Release|x64.Build.0 = Release|Any CPU
		{0BB8A9E4-B838-4B27-BC1D-E85B3809DF1C}.Release|x86.ActiveCfg = Release|Any CPU
		{0BB8A9E4-B838-4B27-BC1D-E85B3809DF1C}.Release|x86.Build.0 = Release|Any CPU
		{36B24482-2FBF-4ED8-946E-8533D9A52F07}.Debug|Any CPU.ActiveCfg = Debug|Any CPU
		{36B24482-2FBF-4ED8-946E-8533D9A52F07}.Debug|Any CPU.Build.0 = Debug|Any CPU
		{36B24482-2FBF-4ED8-946E-8533D9A52F07}.Debug|x64.ActiveCfg = Debug|Any CPU
		{36B24482-2FBF-4ED8-946E-8533D9A52F07}.Debug|x64.Build.0 = Debug|Any CPU
		{36B24482-2FBF-4ED8-946E-8533D9A52F07}.Debug|x86.ActiveCfg = Debug|Any CPU
		{36B24482-2FBF-4ED8-946E-8533D9A52F07}.Debug|x86.Build.0 = Debug|Any CPU
		{36B24482-2FBF-4ED8-946E-8533D9A52F07}.Release|Any CPU.ActiveCfg = Release|Any CPU
		{36B24482-2FBF-4ED8-946E-8533D9A52F07}.Release|Any CPU.Build.0 = Release|Any CPU
		{36B24482-2FBF-4ED8-946E-8533D9A52F07}.Release|x64.ActiveCfg = Release|Any CPU
		{36B24482-2FBF-4ED8-946E-8533D9A52F07}.Release|x64.Build.0 = Release|Any CPU
		{36B24482-2FBF-4ED8-946E-8533D9A52F07}.Release|x86.ActiveCfg = Release|Any CPU
		{36B24482-2FBF-4ED8-946E-8533D9A52F07}.Release|x86.Build.0 = Release|Any CPU
	EndGlobalSection
	GlobalSection(SolutionProperties) = preSolution
		HideSolutionNode = FALSE
	EndGlobalSection
	GlobalSection(NestedProjects) = preSolution
		{97530518-3604-421B-BB2D-73DF9298D16F} = {827E0CD3-B72D-47B6-A68D-7590B98EB39B}
		{984BB9B3-3FA3-BE33-9484-CAC21695A33C} = {827E0CD3-B72D-47B6-A68D-7590B98EB39B}
		{108C38A4-FF09-AB3F-8431-11EBF34C1DD9} = {984BB9B3-3FA3-BE33-9484-CAC21695A33C}
		{EA208245-A201-4992-A4A2-F7A91E563C54} = {108C38A4-FF09-AB3F-8431-11EBF34C1DD9}
		{83E9D45F-ADBA-CF6E-AB2A-4D85C289BA50} = {984BB9B3-3FA3-BE33-9484-CAC21695A33C}
		{3CAD2AB0-5BCA-4D3F-BB40-958C3A9A0A07} = {83E9D45F-ADBA-CF6E-AB2A-4D85C289BA50}
		{D6E53B1E-351B-B60C-9CC9-B7D22FD1E09F} = {984BB9B3-3FA3-BE33-9484-CAC21695A33C}
		{1F230115-80FA-4092-B1ED-7C8AD9D659CC} = {D6E53B1E-351B-B60C-9CC9-B7D22FD1E09F}
		{2BC8BAC1-CABD-C682-DCFA-B8F2882B62C0} = {984BB9B3-3FA3-BE33-9484-CAC21695A33C}
		{D0A3048F-0590-439F-AFC8-B810AD7AD604} = {2BC8BAC1-CABD-C682-DCFA-B8F2882B62C0}
		{DBB8A5B9-969B-B373-4F50-C3EEACE5A394} = {984BB9B3-3FA3-BE33-9484-CAC21695A33C}
		{0BB8A9E4-B838-4B27-BC1D-E85B3809DF1C} = {DBB8A5B9-969B-B373-4F50-C3EEACE5A394}
		{36B24482-2FBF-4ED8-946E-8533D9A52F07} = {0AB3BF05-4346-4AA6-1389-037BE0695223}
	EndGlobalSection
EndGlobal
